PODS:
  - AdToApp (47.1):
    - AdToApp/Banner (= 47.1)
    - AdToApp/Image (= 47.1)
    - AdToApp/Interstitial (= 47.1)
    - AdToApp/Personagraph (= 47.1)
    - AdToApp/Reward (= 47.1)
    - AdToApp/Video (= 47.1)
  - AdToApp/AdColony (47.1):
    - AdToApp/Core
  - AdToApp/AdMob (47.1):
    - AdToApp/Core
  - AdToApp/AmazonAd (47.1):
    - AdToApp/Core
  - AdToApp/Applovin (47.1):
    - AdToApp/Core
  - AdToApp/Avocarrot (47.1):
    - AdToApp/Core
  - AdToApp/Banner (47.1):
    - AdToApp/AdMob
    - AdToApp/AmazonAd
    - AdToApp/InMobi
    - AdToApp/MyTarget
    - AdToApp/Revmob
    - AdToApp/Smaato
    - AdToApp/StartApp
    - AdToApp/TapSense
  - AdToApp/Core (47.1)
  - AdToApp/Flurry (47.1):
    - AdToApp/Core
  - AdToApp/Image (47.1):
    - AdToApp/AdMob
    - AdToApp/AmazonAd
    - AdToApp/Avocarrot
    - AdToApp/Flurry
    - AdToApp/Inhouse
    - AdToApp/InMobi
    - AdToApp/MyTarget
    - AdToApp/NativeX
    - AdToApp/Revmob
    - AdToApp/Smaato
    - AdToApp/StartApp
    - AdToApp/TapSense
  - AdToApp/Inhouse (47.1):
    - AdToApp/Core
  - AdToApp/InMobi (47.1):
    - AdToApp/Core
  - AdToApp/Instreamatic (47.1):
    - AdToApp/Core
  - AdToApp/Interstitial (47.1):
    - AdToApp/AdColony
    - AdToApp/AdMob
    - AdToApp/AmazonAd
    - AdToApp/Applovin
    - AdToApp/Avocarrot
    - AdToApp/Flurry
    - AdToApp/Inhouse
    - AdToApp/InMobi
    - AdToApp/Instreamatic
    - AdToApp/MyTarget
    - AdToApp/NativeX
    - AdToApp/Revmob
    - AdToApp/Smaato
    - AdToApp/StartApp
    - AdToApp/TapSense
    - AdToApp/Unity
    - AdToApp/Vungle
  - AdToApp/MyTarget (47.1):
    - AdToApp/Core
  - AdToApp/NativeX (47.1):
    - AdToApp/Core
  - AdToApp/Personagraph (47.1):
    - AdToApp/Core
  - AdToApp/Revmob (47.1):
    - AdToApp/Core
  - AdToApp/Reward (47.1):
    - AdToApp/AdColony
    - AdToApp/Applovin
    - AdToApp/Flurry
    - AdToApp/Inhouse
    - AdToApp/InMobi
    - AdToApp/MyTarget
    - AdToApp/NativeX
    - AdToApp/Revmob
    - AdToApp/StartApp
    - AdToApp/Supersonic
    - AdToApp/Unity
    - AdToApp/Vungle
  - AdToApp/Smaato (47.1):
    - AdToApp/Core
  - AdToApp/StartApp (47.1):
    - AdToApp/Core
  - AdToApp/Supersonic (47.1):
    - AdToApp/Core
  - AdToApp/TapSense (47.1):
    - AdToApp/Core
  - AdToApp/Unity (47.1):
    - AdToApp/Core
  - AdToApp/Video (47.1):
    - AdToApp/AdColony
    - AdToApp/AdMob
    - AdToApp/Applovin
    - AdToApp/Flurry
    - AdToApp/Inhouse
    - AdToApp/MyTarget
    - AdToApp/NativeX
    - AdToApp/Revmob
    - AdToApp/Smaato
    - AdToApp/TapSense
    - AdToApp/Unity
    - AdToApp/Vungle
  - AdToApp/Vungle (47.1):
    - AdToApp/Core
  - Firebase (3.5.2):
    - Firebase/Core (= 3.5.2)
  - Firebase/Analytics (3.5.2):
    - FirebaseAnalytics (~> 3.3)
  - Firebase/Core (3.5.2):
    - Firebase/Analytics
  - FirebaseAnalytics (3.3.1):
    - FirebaseInstanceID (~> 1.0)
    - GoogleInterchangeUtilities (~> 1.2)
    - GoogleSymbolUtilities (~> 1.1)
    - GoogleUtilities (~> 1.2)
  - FirebaseInstanceID (1.0.8)
  - GoogleInterchangeUtilities (1.2.1):
    - GoogleSymbolUtilities (~> 1.0)
  - GoogleSymbolUtilities (1.1.1)
  - GoogleUtilities (1.3.1):
    - GoogleSymbolUtilities (~> 1.0)
  - iRate (1.11.6)

DEPENDENCIES:
  - AdToApp
  - AdToApp/AdColony
  - AdToApp/AdMob
  - AdToApp/AmazonAd
  - AdToApp/Applovin
  - AdToApp/Avocarrot
  - AdToApp/Banner
  - AdToApp/Image
  - AdToApp/InMobi
  - AdToApp/Interstitial
  - AdToApp/MyTarget
  - AdToApp/NativeX
  - AdToApp/Smaato
  - AdToApp/StartApp
  - AdToApp/Supersonic
  - AdToApp/TapSense
  - AdToApp/Unity
  - AdToApp/Video
  - AdToApp/Vungle
  - Firebase
  - iRate

SPEC CHECKSUMS:
  AdToApp: 731a6fa98dcf0b76f43a2047864132757c04708b
  Firebase: 94e63112efcad75226c0356a8f3032397b8547c9
  FirebaseAnalytics: d968d4d5f6aeb795cd64144337bcd233e530efc6
  FirebaseInstanceID: ba1e640935235e5fac39dfa816fe7660e72e1a8a
  GoogleInterchangeUtilities: def8415a862effc67d549d5b5b0b9c7a2f97d4de
  GoogleSymbolUtilities: 33117db1b5f290c6fbf259585e4885b4c84b98d7
  GoogleUtilities: 56c5ac05b7aa5dc417a1bb85221a9516e04d7032
  iRate: 61e558919c4a7fde63b3c22ebbd6c114a1eee658

PODFILE CHECKSUM: fcc3bef0b2dfd51129f5c9209205ecaaaaccb32a

COCOAPODS: 1.0.0
