PODS:
  - AdToApp (47.14):
    - AdToApp/Banner (= 47.14)
    - AdToApp/Image (= 47.14)
    - AdToApp/Interstitial (= 47.14)
    - AdToApp/Personagraph (= 47.14)
    - AdToApp/Reward (= 47.14)
    - AdToApp/Video (= 47.14)
  - AdToApp/AdColony (47.14):
    - AdToApp/Core
  - AdToApp/AdMob (47.14):
    - AdToApp/Core
  - AdToApp/AmazonAd (47.14):
    - AdToApp/Core
  - AdToApp/Applovin (47.14):
    - AdToApp/Core
  - AdToApp/Avocarrot (47.14):
    - AdToApp/Core
  - AdToApp/Banner (47.14):
    - AdToApp/AdMob
    - AdToApp/AmazonAd
    - AdToApp/Facebook
    - AdToApp/InMobi
    - AdToApp/MyTarget
    - AdToApp/Smaato
    - AdToApp/StartApp
    - AdToApp/TapSense
  - AdToApp/Core (47.14)
  - AdToApp/Facebook (47.14):
    - AdToApp/Core
  - AdToApp/Flurry (47.14):
    - AdToApp/Core
  - AdToApp/Image (47.14):
    - AdToApp/AdMob
    - AdToApp/AmazonAd
    - AdToApp/Avocarrot
    - AdToApp/Flurry
    - AdToApp/Inhouse
    - AdToApp/InMobi
    - AdToApp/MyTarget
    - AdToApp/NativeX
    - AdToApp/Smaato
    - AdToApp/StartApp
    - AdToApp/TapSense
  - AdToApp/Inhouse (47.14):
    - AdToApp/Core
  - AdToApp/InMobi (47.14):
    - AdToApp/Core
  - AdToApp/Instreamatic (47.14):
    - AdToApp/Core
  - AdToApp/Interstitial (47.14):
    - AdToApp/AdColony
    - AdToApp/AdMob
    - AdToApp/AmazonAd
    - AdToApp/Applovin
    - AdToApp/Avocarrot
    - AdToApp/Facebook
    - AdToApp/Flurry
    - AdToApp/Inhouse
    - AdToApp/InMobi
    - AdToApp/Instreamatic
    - AdToApp/MyTarget
    - AdToApp/NativeX
    - AdToApp/Smaato
    - AdToApp/StartApp
    - AdToApp/TapSense
    - AdToApp/Unity
    - AdToApp/Vungle
  - AdToApp/MyTarget (47.14):
    - AdToApp/Core
  - AdToApp/NativeX (47.14):
    - AdToApp/Core
  - AdToApp/Personagraph (47.14):
    - AdToApp/Core
  - AdToApp/Revmob (47.14):
    - AdToApp/Core
  - AdToApp/Reward (47.14):
    - AdToApp/AdColony
    - AdToApp/Applovin
    - AdToApp/Flurry
    - AdToApp/Inhouse
    - AdToApp/InMobi
    - AdToApp/MyTarget
    - AdToApp/NativeX
    - AdToApp/StartApp
    - AdToApp/Supersonic
    - AdToApp/Unity
    - AdToApp/Vungle
  - AdToApp/Smaato (47.14):
    - AdToApp/Core
  - AdToApp/StartApp (47.14):
    - AdToApp/Core
  - AdToApp/Supersonic (47.14):
    - AdToApp/Core
  - AdToApp/TapSense (47.14):
    - AdToApp/Core
  - AdToApp/Unity (47.14):
    - AdToApp/Core
  - AdToApp/Video (47.14):
    - AdToApp/AdColony
    - AdToApp/AdMob
    - AdToApp/Applovin
    - AdToApp/Flurry
    - AdToApp/Inhouse
    - AdToApp/MyTarget
    - AdToApp/NativeX
    - AdToApp/Smaato
    - AdToApp/TapSense
    - AdToApp/Unity
    - AdToApp/Vungle
  - AdToApp/Vungle (47.14):
    - AdToApp/Core
  - AdToApp/Yandex (47.14):
    - AdToApp/Core
  - iRate (1.11.6)
  - SwiftyStoreKit (0.6.0)

DEPENDENCIES:
  - AdToApp
  - AdToApp/AdColony
  - AdToApp/AdMob
  - AdToApp/AmazonAd
  - AdToApp/Applovin
  - AdToApp/Avocarrot
  - AdToApp/Banner
  - AdToApp/Flurry
  - AdToApp/Image
  - AdToApp/Inhouse
  - AdToApp/InMobi
  - AdToApp/Instreamatic
  - AdToApp/Interstitial
  - AdToApp/MyTarget
  - AdToApp/NativeX
  - AdToApp/Revmob
  - AdToApp/Smaato
  - AdToApp/StartApp
  - AdToApp/Supersonic
  - AdToApp/TapSense
  - AdToApp/Unity
  - AdToApp/Video
  - AdToApp/Vungle
  - AdToApp/Yandex
  - iRate
  - SwiftyStoreKit

SPEC CHECKSUMS:
  AdToApp: 2db758eaece13fce792b803defec41b17f55aeac
  iRate: 61e558919c4a7fde63b3c22ebbd6c114a1eee658
  SwiftyStoreKit: f47820a774eb94dcb2880f50a76f9533b2c282b9

PODFILE CHECKSUM: 92c76e12ee18e9ab71b4e01850dbb13154c779d2

COCOAPODS: 1.0.1
